
Microsoft Visual Studio Solution File, Format Version 12.00
# Visual Studio Version 17
VisualStudioVersion = 17.5.002.0
MinimumVisualStudioVersion = 10.0.40219.1
Project("{9A19103F-16F7-4668-BE54-9A1E7A4F7556}") = "Application", "Application\Application.csproj", "{F2D98133-7A8F-419F-AB18-500FE55DEB79}"
EndProject
Global
	GlobalSection(SolutionConfigurationPlatforms) = preSolution
		Debug|Any CPU = Debug|Any CPU
		Release|Any CPU = Release|Any CPU
	EndGlobalSection
	GlobalSection(ProjectConfigurationPlatforms) = postSolution
		{F2D98133-7A8F-419F-AB18-500FE55DEB79}.Debug|Any CPU.ActiveCfg = Debug|Any CPU
		{F2D98133-7A8F-419F-AB18-500FE55DEB79}.Debug|Any CPU.Build.0 = Debug|Any CPU
		{F2D98133-7A8F-419F-AB18-500FE55DEB79}.Release|Any CPU.ActiveCfg = Release|Any CPU
		{F2D98133-7A8F-419F-AB18-500FE55DEB79}.Release|Any CPU.Build.0 = Release|Any CPU
	EndGlobalSection
	GlobalSection(SolutionProperties) = preSolution
		HideSolutionNode = FALSE
	EndGlobalSection
	GlobalSection(ExtensibilityGlobals) = postSolution
		SolutionGuid = {0EE29AA2-2C1D-4FC4-8B76-CE6D652C1A9D}
	EndGlobalSection
EndGlobal
